
Microsoft Visual Studio Solution File, Format Version 12.00
# Visual Studio 15
VisualStudioVersion = 15.0.28010.2016
MinimumVisualStudioVersion = 10.0.40219.1
Project("{FAE04EC0-301F-11D3-BF4B-00C04F79EFBC}") = "cs470project", "cs470project\cs470project.csproj", "{E0528C55-3FBA-4EBA-BA88-8967481D6E25}"
EndProject
Global
	GlobalSection(SolutionConfigurationPlatforms) = preSolution
		Debug|Any CPU = Debug|Any CPU
		Release|Any CPU = Release|Any CPU
	EndGlobalSection
	GlobalSection(ProjectConfigurationPlatforms) = postSolution
		{E0528C55-3FBA-4EBA-BA88-8967481D6E25}.Debug|Any CPU.ActiveCfg = Debug|Any CPU
		{E0528C55-3FBA-4EBA-BA88-8967481D6E25}.Debug|Any CPU.Build.0 = Debug|Any CPU
		{E0528C55-3FBA-4EBA-BA88-8967481D6E25}.Release|Any CPU.ActiveCfg = Release|Any CPU
		{E0528C55-3FBA-4EBA-BA88-8967481D6E25}.Release|Any CPU.Build.0 = Release|Any CPU
	EndGlobalSection
	GlobalSection(SolutionProperties) = preSolution
		HideSolutionNode = FALSE
	EndGlobalSection
	GlobalSection(ExtensibilityGlobals) = postSolution
		SolutionGuid = {2C7937AB-1103-4B09-9E93-085D8C8A6B3A}
	EndGlobalSection
EndGlobal
